
Microsoft Visual Studio Solution File, Format Version 12.00
# Visual Studio Version 17
VisualStudioVersion = 17.4.33122.133
MinimumVisualStudioVersion = 10.0.40219.1
Project("{FAE04EC0-301F-11D3-BF4B-00C04F79EFBC}") = "TestingDB", "TestingDB\TestingDB.csproj", "{A72494F2-F937-49F7-8A90-42A7169154CB}"
EndProject
Global
	GlobalSection(SolutionConfigurationPlatforms) = preSolution
		Debug|Any CPU = Debug|Any CPU
		Release|Any CPU = Release|Any CPU
	EndGlobalSection
	GlobalSection(ProjectConfigurationPlatforms) = postSolution
		{A72494F2-F937-49F7-8A90-42A7169154CB}.Debug|Any CPU.ActiveCfg = Debug|Any CPU
		{A72494F2-F937-49F7-8A90-42A7169154CB}.Debug|Any CPU.Build.0 = Debug|Any CPU
		{A72494F2-F937-49F7-8A90-42A7169154CB}.Release|Any CPU.ActiveCfg = Release|Any CPU
		{A72494F2-F937-49F7-8A90-42A7169154CB}.Release|Any CPU.Build.0 = Release|Any CPU
	EndGlobalSection
	GlobalSection(SolutionProperties) = preSolution
		HideSolutionNode = FALSE
	EndGlobalSection
	GlobalSection(ExtensibilityGlobals) = postSolution
		SolutionGuid = {8193AB8B-7AA8-44B8-8D58-B50621F5F3E7}
	EndGlobalSection
EndGlobal
